{
  "name": "demo",
  "version": "1.0.0",
  "lockfileVersion": 1,
  "requires": true,
  "dependencies": {
    "@react-spring/animated": {
      "version": "9.2.4",
      "resolved": "http://registry.npm.xiaojukeji.com/@react-spring/animated/download/@react-spring/animated-9.2.4.tgz",
      "integrity": "sha1-Bi7MD9/vifJUGkLYUAQotwA1+Hk=",
      "requires": {
        "@react-spring/shared": "~9.2.0",
        "@react-spring/types": "~9.2.0"
      }
    },
    "@react-spring/core": {
      "version": "9.2.4",
      "resolved": "http://registry.npm.xiaojukeji.com/@react-spring/core/download/@react-spring/core-9.2.4.tgz",
      "integrity": "sha1-J1pKBl46MVpPX7KMmm9iznGMJdY=",
      "requires": {
        "@react-spring/animated": "~9.2.0",
        "@react-spring/shared": "~9.2.0",
        "@react-spring/types": "~9.2.0"
      }
    },
    "@react-spring/konva": {
      "version": "9.2.4",
      "resolved": "http://registry.npm.xiaojukeji.com/@react-spring/konva/download/@react-spring/konva-9.2.4.tgz",
      "integrity": "sha1-5GeySzsRC6SWUmyQAUOc5WFkHg0=",
      "requires": {
        "@react-spring/animated": "~9.2.0",
        "@react-spring/core": "~9.2.0",
        "@react-spring/shared": "~9.2.0",
        "@react-spring/types": "~9.2.0"
      }
    },
    "@react-spring/native": {
      "version": "9.2.4",
      "resolved": "http://registry.npm.xiaojukeji.com/@react-spring/native/download/@react-spring/native-9.2.4.tgz",
      "integrity": "sha1-D9M1pEwFAj9UKN9ETY8ao9p6v8k=",
      "requires": {
        "@react-spring/animated": "~9.2.0",
        "@react-spring/core": "~9.2.0",
        "@react-spring/shared": "~9.2.0",
        "@react-spring/types": "~9.2.0"
      }
    },
    "@react-spring/rafz": {
      "version": "9.2.4",
      "resolved": "http://registry.npm.xiaojukeji.com/@react-spring/rafz/download/@react-spring/rafz-9.2.4.tgz",
      "integrity": "sha1-RHk+mtwU3Q3NFXPQlDaK8RqJ1zo="
    },
    "@react-spring/shared": {
      "version": "9.2.4",
      "resolved": "http://registry.npm.xiaojukeji.com/@react-spring/shared/download/@react-spring/shared-9.2.4.tgz",
      "integrity": "sha1-+cxmrFMIp3KTMwoYUY40Eh9ACME=",
      "requires": {
        "@react-spring/rafz": "~9.2.0",
        "@react-spring/types": "~9.2.0"
      }
    },
    "@react-spring/three": {
      "version": "9.2.4",
      "resolved": "http://registry.npm.xiaojukeji.com/@react-spring/three/download/@react-spring/three-9.2.4.tgz",
      "integrity": "sha1-hJyXZYpuFBC2+COtIeLuM/6tqCA=",
      "requires": {
        "@react-spring/animated": "~9.2.0",
        "@react-spring/core": "~9.2.0",
        "@react-spring/shared": "~9.2.0",
        "@react-spring/types": "~9.2.0"
      }
    },
    "@react-spring/types": {
      "version": "9.2.4",
      "resolved": "http://registry.npm.xiaojukeji.com/@react-spring/types/download/@react-spring/types-9.2.4.tgz",
      "integrity": "sha1-I2XOnXYfVIqa3LLNaHFL8mdlpd4="
    },
    "@react-spring/web": {
      "version": "9.2.4",
      "resolved": "http://registry.npm.xiaojukeji.com/@react-spring/web/download/@react-spring/web-9.2.4.tgz",
      "integrity": "sha1-xtVGSpVL/Q17yQEXBQ95apXr+gg=",
      "requires": {
        "@react-spring/animated": "~9.2.0",
        "@react-spring/core": "~9.2.0",
        "@react-spring/shared": "~9.2.0",
        "@react-spring/types": "~9.2.0"
      }
    },
    "@react-spring/zdog": {
      "version": "9.2.4",
      "resolved": "http://registry.npm.xiaojukeji.com/@react-spring/zdog/download/@react-spring/zdog-9.2.4.tgz",
      "integrity": "sha1-2x0ZJP6ZIOkX2InE07sTi9CIXPE=",
      "requires": {
        "@react-spring/animated": "~9.2.0",
        "@react-spring/core": "~9.2.0",
        "@react-spring/shared": "~9.2.0",
        "@react-spring/types": "~9.2.0"
      }
    },
    "react-spring": {
      "version": "9.2.4",
      "resolved": "http://registry.npm.xiaojukeji.com/react-spring/download/react-spring-9.2.4.tgz",
      "integrity": "sha1-nYmwMhZk1ZT5V9ypRZsT2Us9+jk=",
      "requires": {
        "@react-spring/core": "~9.2.0",
        "@react-spring/konva": "~9.2.0",
        "@react-spring/native": "~9.2.0",
        "@react-spring/three": "~9.2.0",
        "@react-spring/web": "~9.2.0",
        "@react-spring/zdog": "~9.2.0"
      }
    }
  }
}
